// !$*UTF8*$!
{
	archiveVersion = 1;
	classes = {
	};
	objectVersion = 46;
	objects = {

/* Begin PBXBuildFile section */
		711449D81E94C2C6000B753F /* XNLivelistModel.swift in Sources */ = {isa = PBXBuildFile; fileRef = 711449D71E94C2C6000B753F /* XNLivelistModel.swift */; };
		711449DC1E94CBBF000B753F /* XNPageTitleView.swift in Sources */ = {isa = PBXBuildFile; fileRef = 711449DB1E94CBBF000B753F /* XNPageTitleView.swift */; };
		711449DE1E94DC13000B753F /* XNPageContentView.swift in Sources */ = {isa = PBXBuildFile; fileRef = 711449DD1E94DC13000B753F /* XNPageContentView.swift */; };
		711449E01E94F1BE000B753F /* XNPandaStarShowVC.swift in Sources */ = {isa = PBXBuildFile; fileRef = 711449DF1E94F1BE000B753F /* XNPandaStarShowVC.swift */; };
		711449E21E94F1DC000B753F /* XNOutdoorLivingVC.swift in Sources */ = {isa = PBXBuildFile; fileRef = 711449E11E94F1DC000B753F /* XNOutdoorLivingVC.swift */; };
		711449E41E94F1F4000B753F /* XNMusicVC.swift in Sources */ = {isa = PBXBuildFile; fileRef = 711449E31E94F1F4000B753F /* XNMusicVC.swift */; };
		711449E61E94F20E000B753F /* XNLovelyPetsVC.swift in Sources */ = {isa = PBXBuildFile; fileRef = 711449E51E94F20E000B753F /* XNLovelyPetsVC.swift */; };
		711449E81E94F225000B753F /* XNTableGamesVC.swift in Sources */ = {isa = PBXBuildFile; fileRef = 711449E71E94F225000B753F /* XNTableGamesVC.swift */; };
		713A33741E7F63990022DF35 /* AllSubcaateController.swift in Sources */ = {isa = PBXBuildFile; fileRef = 713A33731E7F63990022DF35 /* AllSubcaateController.swift */; };
		713A33771E7F77BE0022DF35 /* XNCollectionSubcateCell.swift in Sources */ = {isa = PBXBuildFile; fileRef = 713A33751E7F77BE0022DF35 /* XNCollectionSubcateCell.swift */; };
		713A33781E7F77BE0022DF35 /* XNCollectionSubcateCell.xib in Resources */ = {isa = PBXBuildFile; fileRef = 713A33761E7F77BE0022DF35 /* XNCollectionSubcateCell.xib */; };
		713A33801E7FDDA80022DF35 /* XNNetworkTool.swift in Sources */ = {isa = PBXBuildFile; fileRef = 713A337F1E7FDDA80022DF35 /* XNNetworkTool.swift */; };
		713A33841E7FE0FA0022DF35 /* XNAppURL.swift in Sources */ = {isa = PBXBuildFile; fileRef = 713A33831E7FE0FA0022DF35 /* XNAppURL.swift */; };
		7155B2C21E8F93BC007B7BE5 /* XNGameVM.swift in Sources */ = {isa = PBXBuildFile; fileRef = 7155B2C11E8F93BC007B7BE5 /* XNGameVM.swift */; };
		7155B2C71E8F9834007B7BE5 /* XNCollectionGameCell.swift in Sources */ = {isa = PBXBuildFile; fileRef = 7155B2C51E8F9834007B7BE5 /* XNCollectionGameCell.swift */; };
		7155B2C81E8F9834007B7BE5 /* XNCollectionGameCell.xib in Resources */ = {isa = PBXBuildFile; fileRef = 7155B2C61E8F9834007B7BE5 /* XNCollectionGameCell.xib */; };
		7155B2CA1E8F9B40007B7BE5 /* XNBaseEntertainmentVC.swift in Sources */ = {isa = PBXBuildFile; fileRef = 7155B2C91E8F9B40007B7BE5 /* XNBaseEntertainmentVC.swift */; };
		7155B2CD1E8F9BB7007B7BE5 /* XNBaseVM.swift in Sources */ = {isa = PBXBuildFile; fileRef = 7155B2CC1E8F9BB7007B7BE5 /* XNBaseVM.swift */; };
		7155B2CF1E8F9C12007B7BE5 /* XNAnchorGroup.swift in Sources */ = {isa = PBXBuildFile; fileRef = 7155B2CE1E8F9C12007B7BE5 /* XNAnchorGroup.swift */; };
		7155B2D31E8F9C64007B7BE5 /* XNTypeModel.swift in Sources */ = {isa = PBXBuildFile; fileRef = 7155B2D21E8F9C64007B7BE5 /* XNTypeModel.swift */; };
		7155B2D51E8F9C7D007B7BE5 /* XNCycleModel.swift in Sources */ = {isa = PBXBuildFile; fileRef = 7155B2D41E8F9C7D007B7BE5 /* XNCycleModel.swift */; };
		7155B2D81E8FA126007B7BE5 /* XNCollectionNormalCell.swift in Sources */ = {isa = PBXBuildFile; fileRef = 7155B2D61E8FA126007B7BE5 /* XNCollectionNormalCell.swift */; };
		7155B2D91E8FA126007B7BE5 /* XNCollectionNormalCell.xib in Resources */ = {isa = PBXBuildFile; fileRef = 7155B2D71E8FA126007B7BE5 /* XNCollectionNormalCell.xib */; };
		717F3C641E95D4D800FAFBCB /* XNBaseRecommendVC.swift in Sources */ = {isa = PBXBuildFile; fileRef = 717F3C631E95D4D800FAFBCB /* XNBaseRecommendVC.swift */; };
		717F3C661E95D50000FAFBCB /* XNRecommendVC.swift in Sources */ = {isa = PBXBuildFile; fileRef = 717F3C651E95D50000FAFBCB /* XNRecommendVC.swift */; };
		717F3C681E95D53300FAFBCB /* XNBaseSearchVC.swift in Sources */ = {isa = PBXBuildFile; fileRef = 717F3C671E95D53300FAFBCB /* XNBaseSearchVC.swift */; };
		717F3C6A1E95D56D00FAFBCB /* XNAllLivingVC.swift in Sources */ = {isa = PBXBuildFile; fileRef = 717F3C691E95D56D00FAFBCB /* XNAllLivingVC.swift */; };
		717F3C6C1E95E2FC00FAFBCB /* XNBaseAllLivingVC.swift in Sources */ = {isa = PBXBuildFile; fileRef = 717F3C6B1E95E2FC00FAFBCB /* XNBaseAllLivingVC.swift */; };
		717F3C6E1E96143000FAFBCB /* XNRecommendVM.swift in Sources */ = {isa = PBXBuildFile; fileRef = 717F3C6D1E96143000FAFBCB /* XNRecommendVM.swift */; };
		717F3C701E961A8C00FAFBCB /* XNBannerCycleView.swift in Sources */ = {isa = PBXBuildFile; fileRef = 717F3C6F1E961A8C00FAFBCB /* XNBannerCycleView.swift */; };
		717F3C721E961A9800FAFBCB /* XNBannerCycleView.xib in Resources */ = {isa = PBXBuildFile; fileRef = 717F3C711E961A9800FAFBCB /* XNBannerCycleView.xib */; };
		717F3C751E9622AA00FAFBCB /* XNCollectionCycleCell.swift in Sources */ = {isa = PBXBuildFile; fileRef = 717F3C731E9622AA00FAFBCB /* XNCollectionCycleCell.swift */; };
		717F3C761E9622AA00FAFBCB /* XNCollectionCycleCell.xib in Resources */ = {isa = PBXBuildFile; fileRef = 717F3C741E9622AA00FAFBCB /* XNCollectionCycleCell.xib */; };
		7185FA9B1E94958900F69524 /* XNMoreLivingController.swift in Sources */ = {isa = PBXBuildFile; fileRef = 7185FA9A1E94958900F69524 /* XNMoreLivingController.swift */; };
		7185FA9E1E949AF500F69524 /* XNMoreLivingVM.swift in Sources */ = {isa = PBXBuildFile; fileRef = 7185FA9D1E949AF500F69524 /* XNMoreLivingVM.swift */; };
		71A16CA21E7B6FA1008289CA /* XNTabBarController.swift in Sources */ = {isa = PBXBuildFile; fileRef = 71A16CA11E7B6FA1008289CA /* XNTabBarController.swift */; };
		71A16CA71E7BAE06008289CA /* UIColor-Extension.swift in Sources */ = {isa = PBXBuildFile; fileRef = 71A16CA61E7BAE06008289CA /* UIColor-Extension.swift */; };
		71A16CA91E7BAF17008289CA /* Common.swift in Sources */ = {isa = PBXBuildFile; fileRef = 71A16CA81E7BAF17008289CA /* Common.swift */; };
		71A16CAB1E7BB3E7008289CA /* XNNavigationController.swift in Sources */ = {isa = PBXBuildFile; fileRef = 71A16CAA1E7BB3E7008289CA /* XNNavigationController.swift */; };
		71A16CAD1E7BB475008289CA /* XNBaseController.swift in Sources */ = {isa = PBXBuildFile; fileRef = 71A16CAC1E7BB475008289CA /* XNBaseController.swift */; };
		71A16CAF1E7BB4C5008289CA /* XNHomeController.swift in Sources */ = {isa = PBXBuildFile; fileRef = 71A16CAE1E7BB4C5008289CA /* XNHomeController.swift */; };
		71A16CB11E7BB60B008289CA /* XNGameController.swift in Sources */ = {isa = PBXBuildFile; fileRef = 71A16CB01E7BB60B008289CA /* XNGameController.swift */; };
		71A16CB31E7BB66A008289CA /* XNEntertainmentController.swift in Sources */ = {isa = PBXBuildFile; fileRef = 71A16CB21E7BB66A008289CA /* XNEntertainmentController.swift */; };
		71A16CB51E7BB6BF008289CA /* XNSmallShowController.swift in Sources */ = {isa = PBXBuildFile; fileRef = 71A16CB41E7BB6BF008289CA /* XNSmallShowController.swift */; };
		71A16CB71E7BB735008289CA /* XNMe.storyboard in Resources */ = {isa = PBXBuildFile; fileRef = 71A16CB61E7BB735008289CA /* XNMe.storyboard */; };
		71A16CB91E7BB78F008289CA /* XNMeController.swift in Sources */ = {isa = PBXBuildFile; fileRef = 71A16CB81E7BB78F008289CA /* XNMeController.swift */; };
		71A16CBB1E7BBADF008289CA /* XNPageMenuView.swift in Sources */ = {isa = PBXBuildFile; fileRef = 71A16CBA1E7BBADF008289CA /* XNPageMenuView.swift */; };
		71A16CBD1E7BBCF2008289CA /* XNGameModel.swift in Sources */ = {isa = PBXBuildFile; fileRef = 71A16CBC1E7BBCF2008289CA /* XNGameModel.swift */; };
		71B051D51E7A85E500380B04 /* AppDelegate.swift in Sources */ = {isa = PBXBuildFile; fileRef = 71B051D41E7A85E500380B04 /* AppDelegate.swift */; };
		71B051DC1E7A85E500380B04 /* Assets.xcassets in Resources */ = {isa = PBXBuildFile; fileRef = 71B051DB1E7A85E500380B04 /* Assets.xcassets */; };
		E03CA7F29106CDBEC0A69B6A /* Pods_XNXMTV_Swift.framework in Frameworks */ = {isa = PBXBuildFile; fileRef = 2586CCBFDC771A2A087C2AFC /* Pods_XNXMTV_Swift.framework */; };
/* End PBXBuildFile section */

/* Begin PBXFileReference section */
		2586CCBFDC771A2A087C2AFC /* Pods_XNXMTV_Swift.framework */ = {isa = PBXFileReference; explicitFileType = wrapper.framework; includeInIndex = 0; path = Pods_XNXMTV_Swift.framework; sourceTree = BUILT_PRODUCTS_DIR; };
		2F05EFCB267834435E01793B /* Pods-XNXMTV_Swift.debug.xcconfig */ = {isa = PBXFileReference; includeInIndex = 1; lastKnownFileType = text.xcconfig; name = "Pods-XNXMTV_Swift.debug.xcconfig"; path = "Pods/Target Support Files/Pods-XNXMTV_Swift/Pods-XNXMTV_Swift.debug.xcconfig"; sourceTree = "<group>"; };
		711449D71E94C2C6000B753F /* XNLivelistModel.swift */ = {isa = PBXFileReference; fileEncoding = 4; lastKnownFileType = sourcecode.swift; path = XNLivelistModel.swift; sourceTree = "<group>"; };
		711449DB1E94CBBF000B753F /* XNPageTitleView.swift */ = {isa = PBXFileReference; fileEncoding = 4; lastKnownFileType = sourcecode.swift; path = XNPageTitleView.swift; sourceTree = "<group>"; };
		711449DD1E94DC13000B753F /* XNPageContentView.swift */ = {isa = PBXFileReference; fileEncoding = 4; lastKnownFileType = sourcecode.swift; path = XNPageContentView.swift; sourceTree = "<group>"; };
		711449DF1E94F1BE000B753F /* XNPandaStarShowVC.swift */ = {isa = PBXFileReference; fileEncoding = 4; lastKnownFileType = sourcecode.swift; path = XNPandaStarShowVC.swift; sourceTree = "<group>"; };
		711449E11E94F1DC000B753F /* XNOutdoorLivingVC.swift */ = {isa = PBXFileReference; fileEncoding = 4; lastKnownFileType = sourcecode.swift; path = XNOutdoorLivingVC.swift; sourceTree = "<group>"; };
		711449E31E94F1F4000B753F /* XNMusicVC.swift */ = {isa = PBXFileReference; fileEncoding = 4; lastKnownFileType = sourcecode.swift; path = XNMusicVC.swift; sourceTree = "<group>"; };
		711449E51E94F20E000B753F /* XNLovelyPetsVC.swift */ = {isa = PBXFileReference; fileEncoding = 4; lastKnownFileType = sourcecode.swift; path = XNLovelyPetsVC.swift; sourceTree = "<group>"; };
		711449E71E94F225000B753F /* XNTableGamesVC.swift */ = {isa = PBXFileReference; fileEncoding = 4; lastKnownFileType = sourcecode.swift; path = XNTableGamesVC.swift; sourceTree = "<group>"; };
		713A33731E7F63990022DF35 /* AllSubcaateController.swift */ = {isa = PBXFileReference; fileEncoding = 4; lastKnownFileType = sourcecode.swift; path = AllSubcaateController.swift; sourceTree = "<group>"; };
		713A33751E7F77BE0022DF35 /* XNCollectionSubcateCell.swift */ = {isa = PBXFileReference; fileEncoding = 4; lastKnownFileType = sourcecode.swift; path = XNCollectionSubcateCell.swift; sourceTree = "<group>"; };
		713A33761E7F77BE0022DF35 /* XNCollectionSubcateCell.xib */ = {isa = PBXFileReference; fileEncoding = 4; lastKnownFileType = file.xib; path = XNCollectionSubcateCell.xib; sourceTree = "<group>"; };
		713A337F1E7FDDA80022DF35 /* XNNetworkTool.swift */ = {isa = PBXFileReference; fileEncoding = 4; lastKnownFileType = sourcecode.swift; path = XNNetworkTool.swift; sourceTree = "<group>"; };
		713A33831E7FE0FA0022DF35 /* XNAppURL.swift */ = {isa = PBXFileReference; fileEncoding = 4; lastKnownFileType = sourcecode.swift; path = XNAppURL.swift; sourceTree = "<group>"; };
		7155B2C11E8F93BC007B7BE5 /* XNGameVM.swift */ = {isa = PBXFileReference; fileEncoding = 4; lastKnownFileType = sourcecode.swift; path = XNGameVM.swift; sourceTree = "<group>"; };
		7155B2C51E8F9834007B7BE5 /* XNCollectionGameCell.swift */ = {isa = PBXFileReference; fileEncoding = 4; lastKnownFileType = sourcecode.swift; path = XNCollectionGameCell.swift; sourceTree = "<group>"; };
		7155B2C61E8F9834007B7BE5 /* XNCollectionGameCell.xib */ = {isa = PBXFileReference; fileEncoding = 4; lastKnownFileType = file.xib; path = XNCollectionGameCell.xib; sourceTree = "<group>"; };
		7155B2C91E8F9B40007B7BE5 /* XNBaseEntertainmentVC.swift */ = {isa = PBXFileReference; fileEncoding = 4; lastKnownFileType = sourcecode.swift; path = XNBaseEntertainmentVC.swift; sourceTree = "<group>"; };
		7155B2CC1E8F9BB7007B7BE5 /* XNBaseVM.swift */ = {isa = PBXFileReference; fileEncoding = 4; lastKnownFileType = sourcecode.swift; path = XNBaseVM.swift; sourceTree = "<group>"; };
		7155B2CE1E8F9C12007B7BE5 /* XNAnchorGroup.swift */ = {isa = PBXFileReference; fileEncoding = 4; lastKnownFileType = sourcecode.swift; path = XNAnchorGroup.swift; sourceTree = "<group>"; };
		7155B2D21E8F9C64007B7BE5 /* XNTypeModel.swift */ = {isa = PBXFileReference; fileEncoding = 4; lastKnownFileType = sourcecode.swift; path = XNTypeModel.swift; sourceTree = "<group>"; };
		7155B2D41E8F9C7D007B7BE5 /* XNCycleModel.swift */ = {isa = PBXFileReference; fileEncoding = 4; lastKnownFileType = sourcecode.swift; path = XNCycleModel.swift; sourceTree = "<group>"; };
		7155B2D61E8FA126007B7BE5 /* XNCollectionNormalCell.swift */ = {isa = PBXFileReference; fileEncoding = 4; lastKnownFileType = sourcecode.swift; path = XNCollectionNormalCell.swift; sourceTree = "<group>"; };
		7155B2D71E8FA126007B7BE5 /* XNCollectionNormalCell.xib */ = {isa = PBXFileReference; fileEncoding = 4; lastKnownFileType = file.xib; path = XNCollectionNormalCell.xib; sourceTree = "<group>"; };
		717F3C631E95D4D800FAFBCB /* XNBaseRecommendVC.swift */ = {isa = PBXFileReference; fileEncoding = 4; lastKnownFileType = sourcecode.swift; path = XNBaseRecommendVC.swift; sourceTree = "<group>"; };
		717F3C651E95D50000FAFBCB /* XNRecommendVC.swift */ = {isa = PBXFileReference; fileEncoding = 4; lastKnownFileType = sourcecode.swift; path = XNRecommendVC.swift; sourceTree = "<group>"; };
		717F3C671E95D53300FAFBCB /* XNBaseSearchVC.swift */ = {isa = PBXFileReference; fileEncoding = 4; lastKnownFileType = sourcecode.swift; path = XNBaseSearchVC.swift; sourceTree = "<group>"; };
		717F3C691E95D56D00FAFBCB /* XNAllLivingVC.swift */ = {isa = PBXFileReference; fileEncoding = 4; lastKnownFileType = sourcecode.swift; path = XNAllLivingVC.swift; sourceTree = "<group>"; };
		717F3C6B1E95E2FC00FAFBCB /* XNBaseAllLivingVC.swift */ = {isa = PBXFileReference; fileEncoding = 4; lastKnownFileType = sourcecode.swift; path = XNBaseAllLivingVC.swift; sourceTree = "<group>"; };
		717F3C6D1E96143000FAFBCB /* XNRecommendVM.swift */ = {isa = PBXFileReference; fileEncoding = 4; lastKnownFileType = sourcecode.swift; path = XNRecommendVM.swift; sourceTree = "<group>"; };
		717F3C6F1E961A8C00FAFBCB /* XNBannerCycleView.swift */ = {isa = PBXFileReference; fileEncoding = 4; lastKnownFileType = sourcecode.swift; path = XNBannerCycleView.swift; sourceTree = "<group>"; };
		717F3C711E961A9800FAFBCB /* XNBannerCycleView.xib */ = {isa = PBXFileReference; fileEncoding = 4; lastKnownFileType = file.xib; path = XNBannerCycleView.xib; sourceTree = "<group>"; };
		717F3C731E9622AA00FAFBCB /* XNCollectionCycleCell.swift */ = {isa = PBXFileReference; fileEncoding = 4; lastKnownFileType = sourcecode.swift; path = XNCollectionCycleCell.swift; sourceTree = "<group>"; };
		717F3C741E9622AA00FAFBCB /* XNCollectionCycleCell.xib */ = {isa = PBXFileReference; fileEncoding = 4; lastKnownFileType = file.xib; path = XNCollectionCycleCell.xib; sourceTree = "<group>"; };
		7185FA9A1E94958900F69524 /* XNMoreLivingController.swift */ = {isa = PBXFileReference; fileEncoding = 4; lastKnownFileType = sourcecode.swift; path = XNMoreLivingController.swift; sourceTree = "<group>"; };
		7185FA9D1E949AF500F69524 /* XNMoreLivingVM.swift */ = {isa = PBXFileReference; fileEncoding = 4; lastKnownFileType = sourcecode.swift; path = XNMoreLivingVM.swift; sourceTree = "<group>"; };
		71A16CA11E7B6FA1008289CA /* XNTabBarController.swift */ = {isa = PBXFileReference; fileEncoding = 4; lastKnownFileType = sourcecode.swift; path = XNTabBarController.swift; sourceTree = "<group>"; };
		71A16CA61E7BAE06008289CA /* UIColor-Extension.swift */ = {isa = PBXFileReference; fileEncoding = 4; lastKnownFileType = sourcecode.swift; path = "UIColor-Extension.swift"; sourceTree = "<group>"; };
		71A16CA81E7BAF17008289CA /* Common.swift */ = {isa = PBXFileReference; fileEncoding = 4; lastKnownFileType = sourcecode.swift; path = Common.swift; sourceTree = "<group>"; };
		71A16CAA1E7BB3E7008289CA /* XNNavigationController.swift */ = {isa = PBXFileReference; fileEncoding = 4; lastKnownFileType = sourcecode.swift; path = XNNavigationController.swift; sourceTree = "<group>"; };
		71A16CAC1E7BB475008289CA /* XNBaseController.swift */ = {isa = PBXFileReference; fileEncoding = 4; lastKnownFileType = sourcecode.swift; path = XNBaseController.swift; sourceTree = "<group>"; };
		71A16CAE1E7BB4C5008289CA /* XNHomeController.swift */ = {isa = PBXFileReference; fileEncoding = 4; lastKnownFileType = sourcecode.swift; path = XNHomeController.swift; sourceTree = "<group>"; };
		71A16CB01E7BB60B008289CA /* XNGameController.swift */ = {isa = PBXFileReference; fileEncoding = 4; lastKnownFileType = sourcecode.swift; path = XNGameController.swift; sourceTree = "<group>"; };
		71A16CB21E7BB66A008289CA /* XNEntertainmentController.swift */ = {isa = PBXFileReference; fileEncoding = 4; lastKnownFileType = sourcecode.swift; path = XNEntertainmentController.swift; sourceTree = "<group>"; };
		71A16CB41E7BB6BF008289CA /* XNSmallShowController.swift */ = {isa = PBXFileReference; fileEncoding = 4; lastKnownFileType = sourcecode.swift; path = XNSmallShowController.swift; sourceTree = "<group>"; };
		71A16CB61E7BB735008289CA /* XNMe.storyboard */ = {isa = PBXFileReference; fileEncoding = 4; lastKnownFileType = file.storyboard; path = XNMe.storyboard; sourceTree = "<group>"; };
		71A16CB81E7BB78F008289CA /* XNMeController.swift */ = {isa = PBXFileReference; fileEncoding = 4; lastKnownFileType = sourcecode.swift; path = XNMeController.swift; sourceTree = "<group>"; };
		71A16CBA1E7BBADF008289CA /* XNPageMenuView.swift */ = {isa = PBXFileReference; fileEncoding = 4; lastKnownFileType = sourcecode.swift; path = XNPageMenuView.swift; sourceTree = "<group>"; };
		71A16CBC1E7BBCF2008289CA /* XNGameModel.swift */ = {isa = PBXFileReference; fileEncoding = 4; lastKnownFileType = sourcecode.swift; path = XNGameModel.swift; sourceTree = "<group>"; };
		71B051D11E7A85E500380B04 /* XNXMTV_Swift.app */ = {isa = PBXFileReference; explicitFileType = wrapper.application; includeInIndex = 0; path = XNXMTV_Swift.app; sourceTree = BUILT_PRODUCTS_DIR; };
		71B051D41E7A85E500380B04 /* AppDelegate.swift */ = {isa = PBXFileReference; lastKnownFileType = sourcecode.swift; path = AppDelegate.swift; sourceTree = "<group>"; };
		71B051DB1E7A85E500380B04 /* Assets.xcassets */ = {isa = PBXFileReference; lastKnownFileType = folder.assetcatalog; path = Assets.xcassets; sourceTree = "<group>"; };
		71B051E01E7A85E500380B04 /* Info.plist */ = {isa = PBXFileReference; lastKnownFileType = text.plist.xml; path = Info.plist; sourceTree = "<group>"; };
		93CDBE560B3D657B31C8D398 /* Pods-XNXMTV_Swift.release.xcconfig */ = {isa = PBXFileReference; includeInIndex = 1; lastKnownFileType = text.xcconfig; name = "Pods-XNXMTV_Swift.release.xcconfig"; path = "Pods/Target Support Files/Pods-XNXMTV_Swift/Pods-XNXMTV_Swift.release.xcconfig"; sourceTree = "<group>"; };
/* End PBXFileReference section */

/* Begin PBXFrameworksBuildPhase section */
		71B051CE1E7A85E500380B04 /* Frameworks */ = {
			isa = PBXFrameworksBuildPhase;
			buildActionMask = 2147483647;
			files = (
				E03CA7F29106CDBEC0A69B6A /* Pods_XNXMTV_Swift.framework in Frameworks */,
			);
			runOnlyForDeploymentPostprocessing = 0;
		};
/* End PBXFrameworksBuildPhase section */

/* Begin PBXGroup section */
		713A337E1E7FDD8A0022DF35 /* Network */ = {
			isa = PBXGroup;
			children = (
				713A337F1E7FDDA80022DF35 /* XNNetworkTool.swift */,
				713A33831E7FE0FA0022DF35 /* XNAppURL.swift */,
			);
			path = Network;
			sourceTree = "<group>";
		};
		7155B2C01E8F93AA007B7BE5 /* ViewModel */ = {
			isa = PBXGroup;
			children = (
				7155B2C11E8F93BC007B7BE5 /* XNGameVM.swift */,
			);
			path = ViewModel;
			sourceTree = "<group>";
		};
		7155B2CB1E8F9BA7007B7BE5 /* ViewModel */ = {
			isa = PBXGroup;
			children = (
				7155B2CC1E8F9BB7007B7BE5 /* XNBaseVM.swift */,
			);
			path = ViewModel;
			sourceTree = "<group>";
		};
		7185FA9C1E949AA800F69524 /* ViewModel */ = {
			isa = PBXGroup;
			children = (
				7185FA9D1E949AF500F69524 /* XNMoreLivingVM.swift */,
				717F3C6D1E96143000FAFBCB /* XNRecommendVM.swift */,
			);
			path = ViewModel;
			sourceTree = "<group>";
		};
		71A16C841E7B6EA0008289CA /* Classes */ = {
			isa = PBXGroup;
			children = (
				71A16C851E7B6EA0008289CA /* Entertainment */,
				71A16C891E7B6EA0008289CA /* Game */,
				71A16C8D1E7B6EA0008289CA /* Home */,
				71A16C911E7B6EA0008289CA /* Main */,
				71A16C951E7B6EA0008289CA /* Me */,
				71A16C991E7B6EA0008289CA /* SmallShow */,
				71A16C9D1E7B6EA0008289CA /* Tools */,
			);
			path = Classes;
			sourceTree = "<group>";
		};
		71A16C851E7B6EA0008289CA /* Entertainment */ = {
			isa = PBXGroup;
			children = (
				71A16C861E7B6EA0008289CA /* Controller */,
				71A16C871E7B6EA0008289CA /* Model */,
				71A16C881E7B6EA0008289CA /* View */,
			);
			path = Entertainment;
			sourceTree = "<group>";
		};
		71A16C861E7B6EA0008289CA /* Controller */ = {
			isa = PBXGroup;
			children = (
				71A16CB21E7BB66A008289CA /* XNEntertainmentController.swift */,
				711449DF1E94F1BE000B753F /* XNPandaStarShowVC.swift */,
				711449E11E94F1DC000B753F /* XNOutdoorLivingVC.swift */,
				711449E31E94F1F4000B753F /* XNMusicVC.swift */,
				711449E51E94F20E000B753F /* XNLovelyPetsVC.swift */,
				711449E71E94F225000B753F /* XNTableGamesVC.swift */,
			);
			path = Controller;
			sourceTree = "<group>";
		};
		71A16C871E7B6EA0008289CA /* Model */ = {
			isa = PBXGroup;
			children = (
				711449D71E94C2C6000B753F /* XNLivelistModel.swift */,
			);
			path = Model;
			sourceTree = "<group>";
		};
		71A16C881E7B6EA0008289CA /* View */ = {
			isa = PBXGroup;
			children = (
				711449DB1E94CBBF000B753F /* XNPageTitleView.swift */,
			);
			path = View;
			sourceTree = "<group>";
		};
		71A16C891E7B6EA0008289CA /* Game */ = {
			isa = PBXGroup;
			children = (
				7155B2C01E8F93AA007B7BE5 /* ViewModel */,
				71A16C8A1E7B6EA0008289CA /* Controller */,
				71A16C8B1E7B6EA0008289CA /* Model */,
				71A16C8C1E7B6EA0008289CA /* View */,
			);
			path = Game;
			sourceTree = "<group>";
		};
		71A16C8A1E7B6EA0008289CA /* Controller */ = {
			isa = PBXGroup;
			children = (
				71A16CB01E7BB60B008289CA /* XNGameController.swift */,
			);
			path = Controller;
			sourceTree = "<group>";
		};
		71A16C8B1E7B6EA0008289CA /* Model */ = {
			isa = PBXGroup;
			children = (
				71A16CBC1E7BBCF2008289CA /* XNGameModel.swift */,
			);
			path = Model;
			sourceTree = "<group>";
		};
		71A16C8C1E7B6EA0008289CA /* View */ = {
			isa = PBXGroup;
			children = (
				7155B2C51E8F9834007B7BE5 /* XNCollectionGameCell.swift */,
				7155B2C61E8F9834007B7BE5 /* XNCollectionGameCell.xib */,
			);
			path = View;
			sourceTree = "<group>";
		};
		71A16C8D1E7B6EA0008289CA /* Home */ = {
			isa = PBXGroup;
			children = (
				7185FA9C1E949AA800F69524 /* ViewModel */,
				71A16C8E1E7B6EA0008289CA /* Controller */,
				71A16C8F1E7B6EA0008289CA /* Model */,
				71A16C901E7B6EA0008289CA /* View */,
			);
			path = Home;
			sourceTree = "<group>";
		};
		71A16C8E1E7B6EA0008289CA /* Controller */ = {
			isa = PBXGroup;
			children = (
				71A16CAE1E7BB4C5008289CA /* XNHomeController.swift */,
				713A33731E7F63990022DF35 /* AllSubcaateController.swift */,
				7185FA9A1E94958900F69524 /* XNMoreLivingController.swift */,
				717F3C651E95D50000FAFBCB /* XNRecommendVC.swift */,
				717F3C691E95D56D00FAFBCB /* XNAllLivingVC.swift */,
			);
			path = Controller;
			sourceTree = "<group>";
		};
		71A16C8F1E7B6EA0008289CA /* Model */ = {
			isa = PBXGroup;
			children = (
			);
			path = Model;
			sourceTree = "<group>";
		};
		71A16C901E7B6EA0008289CA /* View */ = {
			isa = PBXGroup;
			children = (
				71A16CBA1E7BBADF008289CA /* XNPageMenuView.swift */,
				713A33751E7F77BE0022DF35 /* XNCollectionSubcateCell.swift */,
				713A33761E7F77BE0022DF35 /* XNCollectionSubcateCell.xib */,
			);
			path = View;
			sourceTree = "<group>";
		};
		71A16C911E7B6EA0008289CA /* Main */ = {
			isa = PBXGroup;
			children = (
				7155B2CB1E8F9BA7007B7BE5 /* ViewModel */,
				71A16C921E7B6EA0008289CA /* Controller */,
				71A16C931E7B6EA0008289CA /* Model */,
				71A16C941E7B6EA0008289CA /* View */,
			);
			path = Main;
			sourceTree = "<group>";
		};
		71A16C921E7B6EA0008289CA /* Controller */ = {
			isa = PBXGroup;
			children = (
				71A16CA11E7B6FA1008289CA /* XNTabBarController.swift */,
				71A16CAA1E7BB3E7008289CA /* XNNavigationController.swift */,
				71A16CAC1E7BB475008289CA /* XNBaseController.swift */,
				7155B2C91E8F9B40007B7BE5 /* XNBaseEntertainmentVC.swift */,
				717F3C631E95D4D800FAFBCB /* XNBaseRecommendVC.swift */,
				717F3C671E95D53300FAFBCB /* XNBaseSearchVC.swift */,
				717F3C6B1E95E2FC00FAFBCB /* XNBaseAllLivingVC.swift */,
			);
			path = Controller;
			sourceTree = "<group>";
		};
		71A16C931E7B6EA0008289CA /* Model */ = {
			isa = PBXGroup;
			children = (
				7155B2CE1E8F9C12007B7BE5 /* XNAnchorGroup.swift */,
				7155B2D21E8F9C64007B7BE5 /* XNTypeModel.swift */,
				7155B2D41E8F9C7D007B7BE5 /* XNCycleModel.swift */,
			);
			path = Model;
			sourceTree = "<group>";
		};
		71A16C941E7B6EA0008289CA /* View */ = {
			isa = PBXGroup;
			children = (
				7155B2D61E8FA126007B7BE5 /* XNCollectionNormalCell.swift */,
				7155B2D71E8FA126007B7BE5 /* XNCollectionNormalCell.xib */,
				711449DD1E94DC13000B753F /* XNPageContentView.swift */,
				717F3C6F1E961A8C00FAFBCB /* XNBannerCycleView.swift */,
				717F3C711E961A9800FAFBCB /* XNBannerCycleView.xib */,
				717F3C731E9622AA00FAFBCB /* XNCollectionCycleCell.swift */,
				717F3C741E9622AA00FAFBCB /* XNCollectionCycleCell.xib */,
			);
			path = View;
			sourceTree = "<group>";
		};
		71A16C951E7B6EA0008289CA /* Me */ = {
			isa = PBXGroup;
			children = (
				71A16C961E7B6EA0008289CA /* Controller */,
				71A16C971E7B6EA0008289CA /* Model */,
				71A16C981E7B6EA0008289CA /* View */,
			);
			path = Me;
			sourceTree = "<group>";
		};
		71A16C961E7B6EA0008289CA /* Controller */ = {
			isa = PBXGroup;
			children = (
				71A16CB61E7BB735008289CA /* XNMe.storyboard */,
				71A16CB81E7BB78F008289CA /* XNMeController.swift */,
			);
			path = Controller;
			sourceTree = "<group>";
		};
		71A16C971E7B6EA0008289CA /* Model */ = {
			isa = PBXGroup;
			children = (
			);
			path = Model;
			sourceTree = "<group>";
		};
		71A16C981E7B6EA0008289CA /* View */ = {
			isa = PBXGroup;
			children = (
			);
			path = View;
			sourceTree = "<group>";
		};
		71A16C991E7B6EA0008289CA /* SmallShow */ = {
			isa = PBXGroup;
			children = (
				71A16C9A1E7B6EA0008289CA /* Controller */,
				71A16C9B1E7B6EA0008289CA /* Model */,
				71A16C9C1E7B6EA0008289CA /* View */,
			);
			path = SmallShow;
			sourceTree = "<group>";
		};
		71A16C9A1E7B6EA0008289CA /* Controller */ = {
			isa = PBXGroup;
			children = (
				71A16CB41E7BB6BF008289CA /* XNSmallShowController.swift */,
			);
			path = Controller;
			sourceTree = "<group>";
		};
		71A16C9B1E7B6EA0008289CA /* Model */ = {
			isa = PBXGroup;
			children = (
			);
			path = Model;
			sourceTree = "<group>";
		};
		71A16C9C1E7B6EA0008289CA /* View */ = {
			isa = PBXGroup;
			children = (
			);
			path = View;
			sourceTree = "<group>";
		};
		71A16C9D1E7B6EA0008289CA /* Tools */ = {
			isa = PBXGroup;
			children = (
				713A337E1E7FDD8A0022DF35 /* Network */,
				71A16CA81E7BAF17008289CA /* Common.swift */,
				71A16CA51E7BADF3008289CA /* Category */,
			);
			path = Tools;
			sourceTree = "<group>";
		};
		71A16CA51E7BADF3008289CA /* Category */ = {
			isa = PBXGroup;
			children = (
				71A16CA61E7BAE06008289CA /* UIColor-Extension.swift */,
			);
			path = Category;
			sourceTree = "<group>";
		};
		71B051C81E7A85E500380B04 = {
			isa = PBXGroup;
			children = (
				71B051D31E7A85E500380B04 /* XNXMTV_Swift */,
				71B051D21E7A85E500380B04 /* Products */,
				7366FD77E2A3EC628A6A6C07 /* Pods */,
				AC6CBBA9F4B5F055E63601A1 /* Frameworks */,
			);
			sourceTree = "<group>";
		};
		71B051D21E7A85E500380B04 /* Products */ = {
			isa = PBXGroup;
			children = (
				71B051D11E7A85E500380B04 /* XNXMTV_Swift.app */,
			);
			name = Products;
			sourceTree = "<group>";
		};
		71B051D31E7A85E500380B04 /* XNXMTV_Swift */ = {
			isa = PBXGroup;
			children = (
				71A16C841E7B6EA0008289CA /* Classes */,
				71B051D41E7A85E500380B04 /* AppDelegate.swift */,
				71B051DB1E7A85E500380B04 /* Assets.xcassets */,
				71B051E01E7A85E500380B04 /* Info.plist */,
			);
			path = XNXMTV_Swift;
			sourceTree = "<group>";
		};
		7366FD77E2A3EC628A6A6C07 /* Pods */ = {
			isa = PBXGroup;
			children = (
				2F05EFCB267834435E01793B /* Pods-XNXMTV_Swift.debug.xcconfig */,
				93CDBE560B3D657B31C8D398 /* Pods-XNXMTV_Swift.release.xcconfig */,
			);
			name = Pods;
			sourceTree = "<group>";
		};
		AC6CBBA9F4B5F055E63601A1 /* Frameworks */ = {
			isa = PBXGroup;
			children = (
				2586CCBFDC771A2A087C2AFC /* Pods_XNXMTV_Swift.framework */,
			);
			name = Frameworks;
			sourceTree = "<group>";
		};
/* End PBXGroup section */

/* Begin PBXNativeTarget section */
		71B051D01E7A85E500380B04 /* XNXMTV_Swift */ = {
			isa = PBXNativeTarget;
			buildConfigurationList = 71B051E31E7A85E500380B04 /* Build configuration list for PBXNativeTarget "XNXMTV_Swift" */;
			buildPhases = (
				9409C34788E18C29483B3410 /* [CP] Check Pods Manifest.lock */,
				71B051CD1E7A85E500380B04 /* Sources */,
				71B051CE1E7A85E500380B04 /* Frameworks */,
				71B051CF1E7A85E500380B04 /* Resources */,
				504EDDF962856846B70857BA /* [CP] Embed Pods Frameworks */,
				4D3448C033AC6C7AC745E8C8 /* [CP] Copy Pods Resources */,
			);
			buildRules = (
			);
			dependencies = (
			);
			name = XNXMTV_Swift;
			productName = XNXMTV_Swift;
			productReference = 71B051D11E7A85E500380B04 /* XNXMTV_Swift.app */;
			productType = "com.apple.product-type.application";
		};
/* End PBXNativeTarget section */

/* Begin PBXProject section */
		71B051C91E7A85E500380B04 /* Project object */ = {
			isa = PBXProject;
			attributes = {
				CLASSPREFIX = XN;
				LastSwiftUpdateCheck = 0820;
				LastUpgradeCheck = 0820;
				ORGANIZATIONNAME = xunan;
				TargetAttributes = {
					71B051D01E7A85E500380B04 = {
						CreatedOnToolsVersion = 8.2.1;
						DevelopmentTeam = Y2TKYWJ5ZW;
						ProvisioningStyle = Automatic;
					};
				};
			};
			buildConfigurationList = 71B051CC1E7A85E500380B04 /* Build configuration list for PBXProject "XNXMTV_Swift" */;
			compatibilityVersion = "Xcode 3.2";
			developmentRegion = English;
			hasScannedForEncodings = 0;
			knownRegions = (
				en,
				Base,
			);
			mainGroup = 71B051C81E7A85E500380B04;
			productRefGroup = 71B051D21E7A85E500380B04 /* Products */;
			projectDirPath = "";
			projectRoot = "";
			targets = (
				71B051D01E7A85E500380B04 /* XNXMTV_Swift */,
			);
		};
/* End PBXProject section */

/* Begin PBXResourcesBuildPhase section */
		71B051CF1E7A85E500380B04 /* Resources */ = {
			isa = PBXResourcesBuildPhase;
			buildActionMask = 2147483647;
			files = (
				7155B2D91E8FA126007B7BE5 /* XNCollectionNormalCell.xib in Resources */,
				717F3C721E961A9800FAFBCB /* XNBannerCycleView.xib in Resources */,
				71A16CB71E7BB735008289CA /* XNMe.storyboard in Resources */,
				7155B2C81E8F9834007B7BE5 /* XNCollectionGameCell.xib in Resources */,
				71B051DC1E7A85E500380B04 /* Assets.xcassets in Resources */,
				713A33781E7F77BE0022DF35 /* XNCollectionSubcateCell.xib in Resources */,
				717F3C761E9622AA00FAFBCB /* XNCollectionCycleCell.xib in Resources */,
			);
			runOnlyForDeploymentPostprocessing = 0;
		};
/* End PBXResourcesBuildPhase section */

/* Begin PBXShellScriptBuildPhase section */
		4D3448C033AC6C7AC745E8C8 /* [CP] Copy Pods Resources */ = {
			isa = PBXShellScriptBuildPhase;
			buildActionMask = 2147483647;
			files = (
			);
			inputPaths = (
			);
			name = "[CP] Copy Pods Resources";
			outputPaths = (
			);
			runOnlyForDeploymentPostprocessing = 0;
			shellPath = /bin/sh;
			shellScript = "\"${SRCROOT}/Pods/Target Support Files/Pods-XNXMTV_Swift/Pods-XNXMTV_Swift-resources.sh\"\n";
			showEnvVarsInLog = 0;
		};
		504EDDF962856846B70857BA /* [CP] Embed Pods Frameworks */ = {
			isa = PBXShellScriptBuildPhase;
			buildActionMask = 2147483647;
			files = (
			);
			inputPaths = (
			);
			name = "[CP] Embed Pods Frameworks";
			outputPaths = (
			);
			runOnlyForDeploymentPostprocessing = 0;
			shellPath = /bin/sh;
			shellScript = "\"${SRCROOT}/Pods/Target Support Files/Pods-XNXMTV_Swift/Pods-XNXMTV_Swift-frameworks.sh\"\n";
			showEnvVarsInLog = 0;
		};
		9409C34788E18C29483B3410 /* [CP] Check Pods Manifest.lock */ = {
			isa = PBXShellScriptBuildPhase;
			buildActionMask = 2147483647;
			files = (
			);
			inputPaths = (
			);
			name = "[CP] Check Pods Manifest.lock";
			outputPaths = (
			);
			runOnlyForDeploymentPostprocessing = 0;
			shellPath = /bin/sh;
			shellScript = "diff \"${PODS_ROOT}/../Podfile.lock\" \"${PODS_ROOT}/Manifest.lock\" > /dev/null\nif [ $? != 0 ] ; then\n    # print error to STDERR\n    echo \"error: The sandbox is not in sync with the Podfile.lock. Run 'pod install' or update your CocoaPods installation.\" >&2\n    exit 1\nfi\n";
			showEnvVarsInLog = 0;
		};
/* End PBXShellScriptBuildPhase section */

/* Begin PBXSourcesBuildPhase section */
		71B051CD1E7A85E500380B04 /* Sources */ = {
			isa = PBXSourcesBuildPhase;
			buildActionMask = 2147483647;
			files = (
				711449E81E94F225000B753F /* XNTableGamesVC.swift in Sources */,
				71A16CB91E7BB78F008289CA /* XNMeController.swift in Sources */,
				71A16CAF1E7BB4C5008289CA /* XNHomeController.swift in Sources */,
				7155B2C71E8F9834007B7BE5 /* XNCollectionGameCell.swift in Sources */,
				711449DC1E94CBBF000B753F /* XNPageTitleView.swift in Sources */,
				71A16CAD1E7BB475008289CA /* XNBaseController.swift in Sources */,
				71A16CA91E7BAF17008289CA /* Common.swift in Sources */,
				717F3C751E9622AA00FAFBCB /* XNCollectionCycleCell.swift in Sources */,
				711449E21E94F1DC000B753F /* XNOutdoorLivingVC.swift in Sources */,
				7155B2D31E8F9C64007B7BE5 /* XNTypeModel.swift in Sources */,
				71A16CBD1E7BBCF2008289CA /* XNGameModel.swift in Sources */,
				717F3C6A1E95D56D00FAFBCB /* XNAllLivingVC.swift in Sources */,
				7185FA9E1E949AF500F69524 /* XNMoreLivingVM.swift in Sources */,
				7155B2CA1E8F9B40007B7BE5 /* XNBaseEntertainmentVC.swift in Sources */,
				713A33841E7FE0FA0022DF35 /* XNAppURL.swift in Sources */,
				7155B2C21E8F93BC007B7BE5 /* XNGameVM.swift in Sources */,
				711449E61E94F20E000B753F /* XNLovelyPetsVC.swift in Sources */,
				71B051D51E7A85E500380B04 /* AppDelegate.swift in Sources */,
				711449DE1E94DC13000B753F /* XNPageContentView.swift in Sources */,
				7155B2CF1E8F9C12007B7BE5 /* XNAnchorGroup.swift in Sources */,
				7185FA9B1E94958900F69524 /* XNMoreLivingController.swift in Sources */,
				71A16CAB1E7BB3E7008289CA /* XNNavigationController.swift in Sources */,
				7155B2D81E8FA126007B7BE5 /* XNCollectionNormalCell.swift in Sources */,
				71A16CB11E7BB60B008289CA /* XNGameController.swift in Sources */,
				717F3C701E961A8C00FAFBCB /* XNBannerCycleView.swift in Sources */,
				717F3C641E95D4D800FAFBCB /* XNBaseRecommendVC.swift in Sources */,
				71A16CB31E7BB66A008289CA /* XNEntertainmentController.swift in Sources */,
				71A16CA71E7BAE06008289CA /* UIColor-Extension.swift in Sources */,
				717F3C661E95D50000FAFBCB /* XNRecommendVC.swift in Sources */,
				7155B2CD1E8F9BB7007B7BE5 /* XNBaseVM.swift in Sources */,
				717F3C6E1E96143000FAFBCB /* XNRecommendVM.swift in Sources */,
				717F3C681E95D53300FAFBCB /* XNBaseSearchVC.swift in Sources */,
				71A16CB51E7BB6BF008289CA /* XNSmallShowController.swift in Sources */,
				713A33741E7F63990022DF35 /* AllSubcaateController.swift in Sources */,
				713A33801E7FDDA80022DF35 /* XNNetworkTool.swift in Sources */,
				713A33771E7F77BE0022DF35 /* XNCollectionSubcateCell.swift in Sources */,
				71A16CBB1E7BBADF008289CA /* XNPageMenuView.swift in Sources */,
				711449E41E94F1F4000B753F /* XNMusicVC.swift in Sources */,
				711449E01E94F1BE000B753F /* XNPandaStarShowVC.swift in Sources */,
				7155B2D51E8F9C7D007B7BE5 /* XNCycleModel.swift in Sources */,
				71A16CA21E7B6FA1008289CA /* XNTabBarController.swift in Sources */,
				717F3C6C1E95E2FC00FAFBCB /* XNBaseAllLivingVC.swift in Sources */,
				711449D81E94C2C6000B753F /* XNLivelistModel.swift in Sources */,
			);
			runOnlyForDeploymentPostprocessing = 0;
		};
/* End PBXSourcesBuildPhase section */

/* Begin XCBuildConfiguration section */
		71B051E11E7A85E500380B04 /* Debug */ = {
			isa = XCBuildConfiguration;
			buildSettings = {
				ALWAYS_SEARCH_USER_PATHS = NO;
				CLANG_ANALYZER_NONNULL = YES;
				CLANG_CXX_LANGUAGE_STANDARD = "gnu++0x";
				CLANG_CXX_LIBRARY = "libc++";
				CLANG_ENABLE_MODULES = YES;
				CLANG_ENABLE_OBJC_ARC = YES;
				CLANG_WARN_BOOL_CONVERSION = YES;
				CLANG_WARN_CONSTANT_CONVERSION = YES;
				CLANG_WARN_DIRECT_OBJC_ISA_USAGE = YES_ERROR;
				CLANG_WARN_DOCUMENTATION_COMMENTS = YES;
				CLANG_WARN_EMPTY_BODY = YES;
				CLANG_WARN_ENUM_CONVERSION = YES;
				CLANG_WARN_INFINITE_RECURSION = YES;
				CLANG_WARN_INT_CONVERSION = YES;
				CLANG_WARN_OBJC_ROOT_CLASS = YES_ERROR;
				CLANG_WARN_SUSPICIOUS_MOVE = YES;
				CLANG_WARN_UNREACHABLE_CODE = YES;
				CLANG_WARN__DUPLICATE_METHOD_MATCH = YES;
				"CODE_SIGN_IDENTITY[sdk=iphoneos*]" = "iPhone Developer";
				COPY_PHASE_STRIP = NO;
				DEBUG_INFORMATION_FORMAT = dwarf;
				ENABLE_STRICT_OBJC_MSGSEND = YES;
				ENABLE_TESTABILITY = YES;
				GCC_C_LANGUAGE_STANDARD = gnu99;
				GCC_DYNAMIC_NO_PIC = NO;
				GCC_NO_COMMON_BLOCKS = YES;
				GCC_OPTIMIZATION_LEVEL = 0;
				GCC_PREPROCESSOR_DEFINITIONS = (
					"DEBUG=1",
					"$(inherited)",
				);
				GCC_WARN_64_TO_32_BIT_CONVERSION = YES;
				GCC_WARN_ABOUT_RETURN_TYPE = YES_ERROR;
				GCC_WARN_UNDECLARED_SELECTOR = YES;
				GCC_WARN_UNINITIALIZED_AUTOS = YES_AGGRESSIVE;
				GCC_WARN_UNUSED_FUNCTION = YES;
				GCC_WARN_UNUSED_VARIABLE = YES;
				IPHONEOS_DEPLOYMENT_TARGET = 10.2;
				MTL_ENABLE_DEBUG_INFO = YES;
				ONLY_ACTIVE_ARCH = YES;
				SDKROOT = iphoneos;
				SWIFT_ACTIVE_COMPILATION_CONDITIONS = DEBUG;
				SWIFT_OPTIMIZATION_LEVEL = "-Onone";
			};
			name = Debug;
		};
		71B051E21E7A85E500380B04 /* Release */ = {
			isa = XCBuildConfiguration;
			buildSettings = {
				ALWAYS_SEARCH_USER_PATHS = NO;
				CLANG_ANALYZER_NONNULL = YES;
				CLANG_CXX_LANGUAGE_STANDARD = "gnu++0x";
				CLANG_CXX_LIBRARY = "libc++";
				CLANG_ENABLE_MODULES = YES;
				CLANG_ENABLE_OBJC_ARC = YES;
				CLANG_WARN_BOOL_CONVERSION = YES;
				CLANG_WARN_CONSTANT_CONVERSION = YES;
				CLANG_WARN_DIRECT_OBJC_ISA_USAGE = YES_ERROR;
				CLANG_WARN_DOCUMENTATION_COMMENTS = YES;
				CLANG_WARN_EMPTY_BODY = YES;
				CLANG_WARN_ENUM_CONVERSION = YES;
				CLANG_WARN_INFINITE_RECURSION = YES;
				CLANG_WARN_INT_CONVERSION = YES;
				CLANG_WARN_OBJC_ROOT_CLASS = YES_ERROR;
				CLANG_WARN_SUSPICIOUS_MOVE = YES;
				CLANG_WARN_UNREACHABLE_CODE = YES;
				CLANG_WARN__DUPLICATE_METHOD_MATCH = YES;
				"CODE_SIGN_IDENTITY[sdk=iphoneos*]" = "iPhone Developer";
				COPY_PHASE_STRIP = NO;
				DEBUG_INFORMATION_FORMAT = "dwarf-with-dsym";
				ENABLE_NS_ASSERTIONS = NO;
				ENABLE_STRICT_OBJC_MSGSEND = YES;
				GCC_C_LANGUAGE_STANDARD = gnu99;
				GCC_NO_COMMON_BLOCKS = YES;
				GCC_WARN_64_TO_32_BIT_CONVERSION = YES;
				GCC_WARN_ABOUT_RETURN_TYPE = YES_ERROR;
				GCC_WARN_UNDECLARED_SELECTOR = YES;
				GCC_WARN_UNINITIALIZED_AUTOS = YES_AGGRESSIVE;
				GCC_WARN_UNUSED_FUNCTION = YES;
				GCC_WARN_UNUSED_VARIABLE = YES;
				IPHONEOS_DEPLOYMENT_TARGET = 10.2;
				MTL_ENABLE_DEBUG_INFO = NO;
				SDKROOT = iphoneos;
				SWIFT_OPTIMIZATION_LEVEL = "-Owholemodule";
				VALIDATE_PRODUCT = YES;
			};
			name = Release;
		};
		71B051E41E7A85E500380B04 /* Debug */ = {
			isa = XCBuildConfiguration;
			baseConfigurationReference = 2F05EFCB267834435E01793B /* Pods-XNXMTV_Swift.debug.xcconfig */;
			buildSettings = {
				ALWAYS_EMBED_SWIFT_STANDARD_LIBRARIES = YES;
				ASSETCATALOG_COMPILER_APPICON_NAME = AppIcon;
				ASSETCATALOG_COMPILER_LAUNCHIMAGE_NAME = LaunchImage;
				DEVELOPMENT_TEAM = Y2TKYWJ5ZW;
				INFOPLIST_FILE = XNXMTV_Swift/Info.plist;
				LD_RUNPATH_SEARCH_PATHS = "$(inherited) @executable_path/Frameworks";
				PRODUCT_BUNDLE_IDENTIFIER = "com.XNXMTV-Swift";
				PRODUCT_NAME = "$(TARGET_NAME)";
				SWIFT_VERSION = 3.0;
			};
			name = Debug;
		};
		71B051E51E7A85E500380B04 /* Release */ = {
			isa = XCBuildConfiguration;
			baseConfigurationReference = 93CDBE560B3D657B31C8D398 /* Pods-XNXMTV_Swift.release.xcconfig */;
			buildSettings = {
				ALWAYS_EMBED_SWIFT_STANDARD_LIBRARIES = YES;
				ASSETCATALOG_COMPILER_APPICON_NAME = AppIcon;
				ASSETCATALOG_COMPILER_LAUNCHIMAGE_NAME = LaunchImage;
				DEVELOPMENT_TEAM = Y2TKYWJ5ZW;
				INFOPLIST_FILE = XNXMTV_Swift/Info.plist;
				LD_RUNPATH_SEARCH_PATHS = "$(inherited) @executable_path/Frameworks";
				PRODUCT_BUNDLE_IDENTIFIER = "com.XNXMTV-Swift";
				PRODUCT_NAME = "$(TARGET_NAME)";
				SWIFT_VERSION = 3.0;
			};
			name = Release;
		};
/* End XCBuildConfiguration section */

/* Begin XCConfigurationList section */
		71B051CC1E7A85E500380B04 /* Build configuration list for PBXProject "XNXMTV_Swift" */ = {
			isa = XCConfigurationList;
			buildConfigurations = (
				71B051E11E7A85E500380B04 /* Debug */,
				71B051E21E7A85E500380B04 /* Release */,
			);
			defaultConfigurationIsVisible = 0;
			defaultConfigurationName = Release;
		};
		71B051E31E7A85E500380B04 /* Build configuration list for PBXNativeTarget "XNXMTV_Swift" */ = {
			isa = XCConfigurationList;
			buildConfigurations = (
				71B051E41E7A85E500380B04 /* Debug */,
				71B051E51E7A85E500380B04 /* Release */,
			);
			defaultConfigurationIsVisible = 0;
			defaultConfigurationName = Release;
		};
/* End XCConfigurationList section */
	};
	rootObject = 71B051C91E7A85E500380B04 /* Project object */;
}
